PODS:
  - ant_media_flutter (1.5.4):
    - Flutter
  - Flutter (1.0.0)
  - flutter_secure_storage (6.0.0):
    - Flutter
  - flutter_webrtc (1.4.0):
    - Flutter
    - WebRTC-SDK (= 144.7559.01)
  - gal (1.0.0):
    - Flutter
    - FlutterMacOS
  - image_picker_ios (0.0.1):
    - Flutter
  - integration_test (0.0.1):
    - Flutter
  - path_provider_foundation (0.0.1):
    - Flutter
    - FlutterMacOS
  - permission_handler_apple (9.3.0):
    - Flutter
  - share_plus (0.0.1):
    - Flutter
  - shared_preferences_foundation (0.0.1):
    - Flutter
    - FlutterMacOS
  - sqflite_darwin (0.0.4):
    - Flutter
    - FlutterMacOS
  - video_player_avfoundation (0.0.1):
    - Flutter
    - FlutterMacOS
  - WebRTC-SDK (144.7559.01)

DEPENDENCIES:
  - ant_media_flutter (from `.symlinks/plugins/ant_media_flutter/ios`)
  - Flutter (from `Flutter`)
  - flutter_secure_storage (from `.symlinks/plugins/flutter_secure_storage/ios`)
  - flutter_webrtc (from `.symlinks/plugins/flutter_webrtc/ios`)
  - gal (from `.symlinks/plugins/gal/darwin`)
  - image_picker_ios (from `.symlinks/plugins/image_picker_ios/ios`)
  - integration_test (from `.symlinks/plugins/integration_test/ios`)
  - path_provider_foundation (from `.symlinks/plugins/path_provider_foundation/darwin`)
  - permission_handler_apple (from `.symlinks/plugins/permission_handler_apple/ios`)
  - share_plus (from `.symlinks/plugins/share_plus/ios`)
  - shared_preferences_foundation (from `.symlinks/plugins/shared_preferences_foundation/darwin`)
  - sqflite_darwin (from `.symlinks/plugins/sqflite_darwin/darwin`)
  - video_player_avfoundation (from `.symlinks/plugins/video_player_avfoundation/darwin`)

SPEC REPOS:
  trunk:
    - WebRTC-SDK

EXTERNAL SOURCES:
  ant_media_flutter:
    :path: ".symlinks/plugins/ant_media_flutter/ios"
  Flutter:
    :path: Flutter
  flutter_secure_storage:
    :path: ".symlinks/plugins/flutter_secure_storage/ios"
  flutter_webrtc:
    :path: ".symlinks/plugins/flutter_webrtc/ios"
  gal:
    :path: ".symlinks/plugins/gal/darwin"
  image_picker_ios:
    :path: ".symlinks/plugins/image_picker_ios/ios"
  integration_test:
    :path: ".symlinks/plugins/integration_test/ios"
  path_provider_foundation:
    :path: ".symlinks/plugins/path_provider_foundation/darwin"
  permission_handler_apple:
    :path: ".symlinks/plugins/permission_handler_apple/ios"
  share_plus:
    :path: ".symlinks/plugins/share_plus/ios"
  shared_preferences_foundation:
    :path: ".symlinks/plugins/shared_preferences_foundation/darwin"
  sqflite_darwin:
    :path: ".symlinks/plugins/sqflite_darwin/darwin"
  video_player_avfoundation:
    :path: ".symlinks/plugins/video_player_avfoundation/darwin"

SPEC CHECKSUMS:
  ant_media_flutter: 16c93cffc93ecbc08751d159bc683c13fc4e80fc
  Flutter: e0871f40cf51350855a761d2e70bf5af5b9b5de7
  flutter_secure_storage: 1ed9476fba7e7a782b22888f956cce43e2c62f13
  flutter_webrtc: ec91d94b484ad49cf191ef93413f64a40ffd3b4c
  gal: baecd024ebfd13c441269ca7404792a7152fde89
  image_picker_ios: 7fe1ff8e34c1790d6fff70a32484959f563a928a
  integration_test: 4a889634ef21a45d28d50d622cf412dc6d9f586e
  path_provider_foundation: 080d55be775b7414fd5a5ef3ac137b97b097e564
  permission_handler_apple: 4ed2196e43d0651e8ff7ca3483a069d469701f2d
  share_plus: 50da8cb520a8f0f65671c6c6a99b3617ed10a58a
  shared_preferences_foundation: 9e1978ff2562383bd5676f64ec4e9aa8fa06a6f7
  sqflite_darwin: 20b2a3a3b70e43edae938624ce550a3cbf66a3d0
  video_player_avfoundation: 2cef49524dd1f16c5300b9cd6efd9611ce03639b
  WebRTC-SDK: ab9b5319e458c2bfebdc92b3600740da35d5630d

PODFILE CHECKSUM: e9fae6d14e1cdd6db445e39e2cbde6faf67fa242

COCOAPODS: 1.16.2
